// !$*UTF8*$!
{
	archiveVersion = 1;
	classes = {
	};
	objectVersion = 48;
	objects = {

/* Begin PBXBuildFile section */
		220C5C4F1F98304B0025002E /* main.cpp in Sources */ = {isa = PBXBuildFile; fileRef = 220C5C4E1F98304B0025002E /* main.cpp */; };
		220C5C5B1F98306C0025002E /* libsfml-system.2.3.2.dylib in Frameworks */ = {isa = PBXBuildFile; fileRef = 220C5C561F98306C0025002E /* libsfml-system.2.3.2.dylib */; };
		220C5C5C1F98306C0025002E /* libsfml-window.2.3.2.dylib in Frameworks */ = {isa = PBXBuildFile; fileRef = 220C5C571F98306C0025002E /* libsfml-window.2.3.2.dylib */; };
		220C5C5D1F98306C0025002E /* libsfml-audio.2.3.2.dylib in Frameworks */ = {isa = PBXBuildFile; fileRef = 220C5C581F98306C0025002E /* libsfml-audio.2.3.2.dylib */; };
		220C5C5E1F98306C0025002E /* libsfml-network.2.3.2.dylib in Frameworks */ = {isa = PBXBuildFile; fileRef = 220C5C591F98306C0025002E /* libsfml-network.2.3.2.dylib */; };
		220C5C5F1F98306C0025002E /* libsfml-graphics.2.3.2.dylib in Frameworks */ = {isa = PBXBuildFile; fileRef = 220C5C5A1F98306C0025002E /* libsfml-graphics.2.3.2.dylib */; };
/* End PBXBuildFile section */

/* Begin PBXCopyFilesBuildPhase section */
		220C5C491F98304B0025002E /* CopyFiles */ = {
			isa = PBXCopyFilesBuildPhase;
			buildActionMask = 2147483647;
			dstPath = /usr/share/man/man1/;
			dstSubfolderSpec = 0;
			files = (
			);
			runOnlyForDeploymentPostprocessing = 1;
		};
/* End PBXCopyFilesBuildPhase section */

/* Begin PBXFileReference section */
		220C5C4B1F98304B0025002E /* DayNightTimer */ = {isa = PBXFileReference; explicitFileType = "compiled.mach-o.executable"; includeInIndex = 0; path = DayNightTimer; sourceTree = BUILT_PRODUCTS_DIR; };
		220C5C4E1F98304B0025002E /* main.cpp */ = {isa = PBXFileReference; lastKnownFileType = sourcecode.cpp.cpp; path = main.cpp; sourceTree = "<group>"; };
		220C5C561F98306C0025002E /* libsfml-system.2.3.2.dylib */ = {isa = PBXFileReference; lastKnownFileType = "compiled.mach-o.dylib"; name = "libsfml-system.2.3.2.dylib"; path = "../../../../../../usr/local/Cellar/sfml/2.3.2/lib/libsfml-system.2.3.2.dylib"; sourceTree = "<group>"; };
		220C5C571F98306C0025002E /* libsfml-window.2.3.2.dylib */ = {isa = PBXFileReference; lastKnownFileType = "compiled.mach-o.dylib"; name = "libsfml-window.2.3.2.dylib"; path = "../../../../../../usr/local/Cellar/sfml/2.3.2/lib/libsfml-window.2.3.2.dylib"; sourceTree = "<group>"; };
		220C5C581F98306C0025002E /* libsfml-audio.2.3.2.dylib */ = {isa = PBXFileReference; lastKnownFileType = "compiled.mach-o.dylib"; name = "libsfml-audio.2.3.2.dylib"; path = "../../../../../../usr/local/Cellar/sfml/2.3.2/lib/libsfml-audio.2.3.2.dylib"; sourceTree = "<group>"; };
		220C5C591F98306C0025002E /* libsfml-network.2.3.2.dylib */ = {isa = PBXFileReference; lastKnownFileType = "compiled.mach-o.dylib"; name = "libsfml-network.2.3.2.dylib"; path = "../../../../../../usr/local/Cellar/sfml/2.3.2/lib/libsfml-network.2.3.2.dylib"; sourceTree = "<group>"; };
		220C5C5A1F98306C0025002E /* libsfml-graphics.2.3.2.dylib */ = {isa = PBXFileReference; lastKnownFileType = "compiled.mach-o.dylib"; name = "libsfml-graphics.2.3.2.dylib"; path = "../../../../../../usr/local/Cellar/sfml/2.3.2/lib/libsfml-graphics.2.3.2.dylib"; sourceTree = "<group>"; };
/* End PBXFileReference section */

/* Begin PBXFrameworksBuildPhase section */
		220C5C481F98304B0025002E /* Frameworks */ = {
			isa = PBXFrameworksBuildPhase;
			buildActionMask = 2147483647;
			files = (
				220C5C5B1F98306C0025002E /* libsfml-system.2.3.2.dylib in Frameworks */,
				220C5C5C1F98306C0025002E /* libsfml-window.2.3.2.dylib in Frameworks */,
				220C5C5D1F98306C0025002E /* libsfml-audio.2.3.2.dylib in Frameworks */,
				220C5C5E1F98306C0025002E /* libsfml-network.2.3.2.dylib in Frameworks */,
				220C5C5F1F98306C0025002E /* libsfml-graphics.2.3.2.dylib in Frameworks */,
			);
			runOnlyForDeploymentPostprocessing = 0;
		};
/* End PBXFrameworksBuildPhase section */

/* Begin PBXGroup section */
		220C5C421F98304B0025002E = {
			isa = PBXGroup;
			children = (
				220C5C4D1F98304B0025002E /* DayNightTimer */,
				220C5C4C1F98304B0025002E /* Products */,
				220C5C551F98306C0025002E /* Frameworks */,
			);
			sourceTree = "<group>";
		};
		220C5C4C1F98304B0025002E /* Products */ = {
			isa = PBXGroup;
			children = (
				220C5C4B1F98304B0025002E /* DayNightTimer */,
			);
			name = Products;
			sourceTree = "<group>";
		};
		220C5C4D1F98304B0025002E /* DayNightTimer */ = {
			isa = PBXGroup;
			children = (
				220C5C4E1F98304B0025002E /* main.cpp */,
			);
			path = DayNightTimer;
			sourceTree = "<group>";
		};
		220C5C551F98306C0025002E /* Frameworks */ = {
			isa = PBXGroup;
			children = (
				220C5C581F98306C0025002E /* libsfml-audio.2.3.2.dylib */,
				220C5C5A1F98306C0025002E /* libsfml-graphics.2.3.2.dylib */,
				220C5C591F98306C0025002E /* libsfml-network.2.3.2.dylib */,
				220C5C561F98306C0025002E /* libsfml-system.2.3.2.dylib */,
				220C5C571F98306C0025002E /* libsfml-window.2.3.2.dylib */,
			);
			name = Frameworks;
			sourceTree = "<group>";
		};
/* End PBXGroup section */

/* Begin PBXNativeTarget section */
		220C5C4A1F98304B0025002E /* DayNightTimer */ = {
			isa = PBXNativeTarget;
			buildConfigurationList = 220C5C521F98304B0025002E /* Build configuration list for PBXNativeTarget "DayNightTimer" */;
			buildPhases = (
				220C5C471F98304B0025002E /* Sources */,
				220C5C481F98304B0025002E /* Frameworks */,
				220C5C491F98304B0025002E /* CopyFiles */,
			);
			buildRules = (
			);
			dependencies = (
			);
			name = DayNightTimer;
			productName = DayNightTimer;
			productReference = 220C5C4B1F98304B0025002E /* DayNightTimer */;
			productType = "com.apple.product-type.tool";
		};
/* End PBXNativeTarget section */

/* Begin PBXProject section */
		220C5C431F98304B0025002E /* Project object */ = {
			isa = PBXProject;
			attributes = {
				LastUpgradeCheck = 0900;
				ORGANIZATIONNAME = "Cibo-Lilly";
				TargetAttributes = {
					220C5C4A1F98304B0025002E = {
						CreatedOnToolsVersion = 9.0;
						ProvisioningStyle = Automatic;
					};
				};
			};
			buildConfigurationList = 220C5C461F98304B0025002E /* Build configuration list for PBXProject "DayNightTimer" */;
			compatibilityVersion = "Xcode 8.0";
			developmentRegion = en;
			hasScannedForEncodings = 0;
			knownRegions = (
				en,
			);
			mainGroup = 220C5C421F98304B0025002E;
			productRefGroup = 220C5C4C1F98304B0025002E /* Products */;
			projectDirPath = "";
			projectRoot = "";
			targets = (
				220C5C4A1F98304B0025002E /* DayNightTimer */,
			);
		};
/* End PBXProject section */

/* Begin PBXSourcesBuildPhase section */
		220C5C471F98304B0025002E /* Sources */ = {
			isa = PBXSourcesBuildPhase;
			buildActionMask = 2147483647;
			files = (
				220C5C4F1F98304B0025002E /* main.cpp in Sources */,
			);
			runOnlyForDeploymentPostprocessing = 0;
		};
/* End PBXSourcesBuildPhase section */

/* Begin XCBuildConfiguration section */
		220C5C501F98304B0025002E /* Debug */ = {
			isa = XCBuildConfiguration;
			buildSettings = {
				ALWAYS_SEARCH_USER_PATHS = NO;
				CLANG_ANALYZER_NONNULL = YES;
				CLANG_ANALYZER_NUMBER_OBJECT_CONVERSION = YES_AGGRESSIVE;
				CLANG_CXX_LANGUAGE_STANDARD = "gnu++14";
				CLANG_CXX_LIBRARY = "libc++";
				CLANG_ENABLE_MODULES = YES;
				CLANG_ENABLE_OBJC_ARC = YES;
				CLANG_WARN_BLOCK_CAPTURE_AUTORELEASING = YES;
				CLANG_WARN_BOOL_CONVERSION = YES;
				CLANG_WARN_COMMA = YES;
				CLANG_WARN_CONSTANT_CONVERSION = YES;
				CLANG_WARN_DIRECT_OBJC_ISA_USAGE = YES_ERROR;
				CLANG_WARN_DOCUMENTATION_COMMENTS = YES;
				CLANG_WARN_EMPTY_BODY = YES;
				CLANG_WARN_ENUM_CONVERSION = YES;
				CLANG_WARN_INFINITE_RECURSION = YES;
				CLANG_WARN_INT_CONVERSION = YES;
				CLANG_WARN_NON_LITERAL_NULL_CONVERSION = YES;
				CLANG_WARN_OBJC_LITERAL_CONVERSION = YES;
				CLANG_WARN_OBJC_ROOT_CLASS = YES_ERROR;
				CLANG_WARN_RANGE_LOOP_ANALYSIS = YES;
				CLANG_WARN_STRICT_PROTOTYPES = YES;
				CLANG_WARN_SUSPICIOUS_MOVE = YES;
				CLANG_WARN_UNGUARDED_AVAILABILITY = YES_AGGRESSIVE;
				CLANG_WARN_UNREACHABLE_CODE = YES;
				CLANG_WARN__DUPLICATE_METHOD_MATCH = YES;
				CODE_SIGN_IDENTITY = "-";
				COPY_PHASE_STRIP = NO;
				DEBUG_INFORMATION_FORMAT = dwarf;
				ENABLE_STRICT_OBJC_MSGSEND = YES;
				ENABLE_TESTABILITY = YES;
				GCC_C_LANGUAGE_STANDARD = gnu11;
				GCC_DYNAMIC_NO_PIC = NO;
				GCC_NO_COMMON_BLOCKS = YES;
				GCC_OPTIMIZATION_LEVEL = 0;
				GCC_PREPROCESSOR_DEFINITIONS = (
					"DEBUG=1",
					"$(inherited)",
				);
				GCC_WARN_64_TO_32_BIT_CONVERSION = YES;
				GCC_WARN_ABOUT_RETURN_TYPE = YES_ERROR;
				GCC_WARN_UNDECLARED_SELECTOR = YES;
				GCC_WARN_UNINITIALIZED_AUTOS = YES_AGGRESSIVE;
				GCC_WARN_UNUSED_FUNCTION = YES;
				GCC_WARN_UNUSED_VARIABLE = YES;
				MACOSX_DEPLOYMENT_TARGET = 10.12;
				MTL_ENABLE_DEBUG_INFO = YES;
				ONLY_ACTIVE_ARCH = YES;
				SDKROOT = macosx;
			};
			name = Debug;
		};
		220C5C511F98304B0025002E /* Release */ = {
			isa = XCBuildConfiguration;
			buildSettings = {
				ALWAYS_SEARCH_USER_PATHS = NO;
				CLANG_ANALYZER_NONNULL = YES;
				CLANG_ANALYZER_NUMBER_OBJECT_CONVERSION = YES_AGGRESSIVE;
				CLANG_CXX_LANGUAGE_STANDARD = "gnu++14";
				CLANG_CXX_LIBRARY = "libc++";
				CLANG_ENABLE_MODULES = YES;
				CLANG_ENABLE_OBJC_ARC = YES;
				CLANG_WARN_BLOCK_CAPTURE_AUTORELEASING = YES;
				CLANG_WARN_BOOL_CONVERSION = YES;
				CLANG_WARN_COMMA = YES;
				CLANG_WARN_CONSTANT_CONVERSION = YES;
				CLANG_WARN_DIRECT_OBJC_ISA_USAGE = YES_ERROR;
				CLANG_WARN_DOCUMENTATION_COMMENTS = YES;
				CLANG_WARN_EMPTY_BODY = YES;
				CLANG_WARN_ENUM_CONVERSION = YES;
				CLANG_WARN_INFINITE_RECURSION = YES;
				CLANG_WARN_INT_CONVERSION = YES;
				CLANG_WARN_NON_LITERAL_NULL_CONVERSION = YES;
				CLANG_WARN_OBJC_LITERAL_CONVERSION = YES;
				CLANG_WARN_OBJC_ROOT_CLASS = YES_ERROR;
				CLANG_WARN_RANGE_LOOP_ANALYSIS = YES;
				CLANG_WARN_STRICT_PROTOTYPES = YES;
				CLANG_WARN_SUSPICIOUS_MOVE = YES;
				CLANG_WARN_UNGUARDED_AVAILABILITY = YES_AGGRESSIVE;
				CLANG_WARN_UNREACHABLE_CODE = YES;
				CLANG_WARN__DUPLICATE_METHOD_MATCH = YES;
				CODE_SIGN_IDENTITY = "-";
				COPY_PHASE_STRIP = NO;
				DEBUG_INFORMATION_FORMAT = "dwarf-with-dsym";
				ENABLE_NS_ASSERTIONS = NO;
				ENABLE_STRICT_OBJC_MSGSEND = YES;
				GCC_C_LANGUAGE_STANDARD = gnu11;
				GCC_NO_COMMON_BLOCKS = YES;
				GCC_WARN_64_TO_32_BIT_CONVERSION = YES;
				GCC_WARN_ABOUT_RETURN_TYPE = YES_ERROR;
				GCC_WARN_UNDECLARED_SELECTOR = YES;
				GCC_WARN_UNINITIALIZED_AUTOS = YES_AGGRESSIVE;
				GCC_WARN_UNUSED_FUNCTION = YES;
				GCC_WARN_UNUSED_VARIABLE = YES;
				MACOSX_DEPLOYMENT_TARGET = 10.12;
				MTL_ENABLE_DEBUG_INFO = NO;
				SDKROOT = macosx;
			};
			name = Release;
		};
		220C5C531F98304B0025002E /* Debug */ = {
			isa = XCBuildConfiguration;
			buildSettings = {
				CODE_SIGN_STYLE = Automatic;
				HEADER_SEARCH_PATHS = /usr/local/Cellar/sfml/2.3.2/include;
				LIBRARY_SEARCH_PATHS = (
					"$(inherited)",
					/usr/local/Cellar/sfml/2.3.2/lib,
				);
				PRODUCT_NAME = "$(TARGET_NAME)";
			};
			name = Debug;
		};
		220C5C541F98304B0025002E /* Release */ = {
			isa = XCBuildConfiguration;
			buildSettings = {
				CODE_SIGN_STYLE = Automatic;
				HEADER_SEARCH_PATHS = /usr/local/Cellar/sfml/2.3.2/include;
				LIBRARY_SEARCH_PATHS = (
					"$(inherited)",
					/usr/local/Cellar/sfml/2.3.2/lib,
				);
				PRODUCT_NAME = "$(TARGET_NAME)";
			};
			name = Release;
		};
/* End XCBuildConfiguration section */

/* Begin XCConfigurationList section */
		220C5C461F98304B0025002E /* Build configuration list for PBXProject "DayNightTimer" */ = {
			isa = XCConfigurationList;
			buildConfigurations = (
				220C5C501F98304B0025002E /* Debug */,
				220C5C511F98304B0025002E /* Release */,
			);
			defaultConfigurationIsVisible = 0;
			defaultConfigurationName = Release;
		};
		220C5C521F98304B0025002E /* Build configuration list for PBXNativeTarget "DayNightTimer" */ = {
			isa = XCConfigurationList;
			buildConfigurations = (
				220C5C531F98304B0025002E /* Debug */,
				220C5C541F98304B0025002E /* Release */,
			);
			defaultConfigurationIsVisible = 0;
			defaultConfigurationName = Release;
		};
/* End XCConfigurationList section */
	};
	rootObject = 220C5C431F98304B0025002E /* Project object */;
}
