// !$*UTF8*$!
{
	archiveVersion = 1;
	classes = {
	};
	objectVersion = 46;
	objects = {

/* Begin PBXBuildFile section */
		224ADFA31EF38F00007843F7 /* main.cpp in Sources */ = {isa = PBXBuildFile; fileRef = 224ADFA21EF38F00007843F7 /* main.cpp */; };
		224ADFAB1EF38F16007843F7 /* SDL2.framework in Frameworks */ = {isa = PBXBuildFile; fileRef = 224ADFAA1EF38F16007843F7 /* SDL2.framework */; };
		224ADFAD1EF38F21007843F7 /* SDL2_image.framework in Frameworks */ = {isa = PBXBuildFile; fileRef = 224ADFAC1EF38F21007843F7 /* SDL2_image.framework */; };
		224ADFB21EF38FD7007843F7 /* Stanly.cpp in Sources */ = {isa = PBXBuildFile; fileRef = 224ADFB01EF38FD7007843F7 /* Stanly.cpp */; };
/* End PBXBuildFile section */

/* Begin PBXCopyFilesBuildPhase section */
		224ADF9D1EF38F00007843F7 /* CopyFiles */ = {
			isa = PBXCopyFilesBuildPhase;
			buildActionMask = 2147483647;
			dstPath = /usr/share/man/man1/;
			dstSubfolderSpec = 0;
			files = (
			);
			runOnlyForDeploymentPostprocessing = 1;
		};
/* End PBXCopyFilesBuildPhase section */

/* Begin PBXFileReference section */
		224ADF9F1EF38F00007843F7 /* Stan(ly) */ = {isa = PBXFileReference; explicitFileType = "compiled.mach-o.executable"; includeInIndex = 0; path = "Stan(ly)"; sourceTree = BUILT_PRODUCTS_DIR; };
		224ADFA21EF38F00007843F7 /* main.cpp */ = {isa = PBXFileReference; lastKnownFileType = sourcecode.cpp.cpp; path = main.cpp; sourceTree = "<group>"; };
		224ADFAA1EF38F16007843F7 /* SDL2.framework */ = {isa = PBXFileReference; lastKnownFileType = wrapper.framework; name = SDL2.framework; path = ../../../../../../Library/Frameworks/SDL2.framework; sourceTree = "<group>"; };
		224ADFAC1EF38F21007843F7 /* SDL2_image.framework */ = {isa = PBXFileReference; lastKnownFileType = wrapper.framework; name = SDL2_image.framework; path = ../../../../../../Library/Frameworks/SDL2_image.framework; sourceTree = "<group>"; };
		224ADFAE1EF38F73007843F7 /* SDL_Init_Data.hpp */ = {isa = PBXFileReference; fileEncoding = 4; lastKnownFileType = sourcecode.cpp.h; path = SDL_Init_Data.hpp; sourceTree = "<group>"; };
		224ADFAF1EF38F73007843F7 /* SDL_Init.h */ = {isa = PBXFileReference; fileEncoding = 4; lastKnownFileType = sourcecode.c.h; path = SDL_Init.h; sourceTree = "<group>"; };
		224ADFB01EF38FD7007843F7 /* Stanly.cpp */ = {isa = PBXFileReference; fileEncoding = 4; lastKnownFileType = sourcecode.cpp.cpp; path = Stanly.cpp; sourceTree = "<group>"; };
		224ADFB11EF38FD7007843F7 /* Stanly.hpp */ = {isa = PBXFileReference; fileEncoding = 4; lastKnownFileType = sourcecode.cpp.h; path = Stanly.hpp; sourceTree = "<group>"; };
/* End PBXFileReference section */

/* Begin PBXFrameworksBuildPhase section */
		224ADF9C1EF38F00007843F7 /* Frameworks */ = {
			isa = PBXFrameworksBuildPhase;
			buildActionMask = 2147483647;
			files = (
				224ADFAD1EF38F21007843F7 /* SDL2_image.framework in Frameworks */,
				224ADFAB1EF38F16007843F7 /* SDL2.framework in Frameworks */,
			);
			runOnlyForDeploymentPostprocessing = 0;
		};
/* End PBXFrameworksBuildPhase section */

/* Begin PBXGroup section */
		224ADF961EF38F00007843F7 = {
			isa = PBXGroup;
			children = (
				224ADFA11EF38F00007843F7 /* Stan(ly) */,
				224ADFA01EF38F00007843F7 /* Products */,
				224ADFA91EF38F16007843F7 /* Frameworks */,
			);
			sourceTree = "<group>";
		};
		224ADFA01EF38F00007843F7 /* Products */ = {
			isa = PBXGroup;
			children = (
				224ADF9F1EF38F00007843F7 /* Stan(ly) */,
			);
			name = Products;
			sourceTree = "<group>";
		};
		224ADFA11EF38F00007843F7 /* Stan(ly) */ = {
			isa = PBXGroup;
			children = (
				224ADFA21EF38F00007843F7 /* main.cpp */,
				224ADFB01EF38FD7007843F7 /* Stanly.cpp */,
				224ADFB11EF38FD7007843F7 /* Stanly.hpp */,
				224ADFAE1EF38F73007843F7 /* SDL_Init_Data.hpp */,
				224ADFAF1EF38F73007843F7 /* SDL_Init.h */,
			);
			path = "Stan(ly)";
			sourceTree = "<group>";
		};
		224ADFA91EF38F16007843F7 /* Frameworks */ = {
			isa = PBXGroup;
			children = (
				224ADFAC1EF38F21007843F7 /* SDL2_image.framework */,
				224ADFAA1EF38F16007843F7 /* SDL2.framework */,
			);
			name = Frameworks;
			sourceTree = "<group>";
		};
/* End PBXGroup section */

/* Begin PBXNativeTarget section */
		224ADF9E1EF38F00007843F7 /* Stan(ly) */ = {
			isa = PBXNativeTarget;
			buildConfigurationList = 224ADFA61EF38F00007843F7 /* Build configuration list for PBXNativeTarget "Stan(ly)" */;
			buildPhases = (
				224ADF9B1EF38F00007843F7 /* Sources */,
				224ADF9C1EF38F00007843F7 /* Frameworks */,
				224ADF9D1EF38F00007843F7 /* CopyFiles */,
			);
			buildRules = (
			);
			dependencies = (
			);
			name = "Stan(ly)";
			productName = "Stan(ly)";
			productReference = 224ADF9F1EF38F00007843F7 /* Stan(ly) */;
			productType = "com.apple.product-type.tool";
		};
/* End PBXNativeTarget section */

/* Begin PBXProject section */
		224ADF971EF38F00007843F7 /* Project object */ = {
			isa = PBXProject;
			attributes = {
				LastUpgradeCheck = 0830;
				ORGANIZATIONNAME = Cibo;
				TargetAttributes = {
					224ADF9E1EF38F00007843F7 = {
						CreatedOnToolsVersion = 8.3.3;
						ProvisioningStyle = Automatic;
					};
				};
			};
			buildConfigurationList = 224ADF9A1EF38F00007843F7 /* Build configuration list for PBXProject "Stan(ly)" */;
			compatibilityVersion = "Xcode 3.2";
			developmentRegion = English;
			hasScannedForEncodings = 0;
			knownRegions = (
				en,
			);
			mainGroup = 224ADF961EF38F00007843F7;
			productRefGroup = 224ADFA01EF38F00007843F7 /* Products */;
			projectDirPath = "";
			projectRoot = "";
			targets = (
				224ADF9E1EF38F00007843F7 /* Stan(ly) */,
			);
		};
/* End PBXProject section */

/* Begin PBXSourcesBuildPhase section */
		224ADF9B1EF38F00007843F7 /* Sources */ = {
			isa = PBXSourcesBuildPhase;
			buildActionMask = 2147483647;
			files = (
				224ADFB21EF38FD7007843F7 /* Stanly.cpp in Sources */,
				224ADFA31EF38F00007843F7 /* main.cpp in Sources */,
			);
			runOnlyForDeploymentPostprocessing = 0;
		};
/* End PBXSourcesBuildPhase section */

/* Begin XCBuildConfiguration section */
		224ADFA41EF38F00007843F7 /* Debug */ = {
			isa = XCBuildConfiguration;
			buildSettings = {
				ALWAYS_SEARCH_USER_PATHS = NO;
				CLANG_ANALYZER_NONNULL = YES;
				CLANG_ANALYZER_NUMBER_OBJECT_CONVERSION = YES_AGGRESSIVE;
				CLANG_CXX_LANGUAGE_STANDARD = "gnu++0x";
				CLANG_CXX_LIBRARY = "libc++";
				CLANG_ENABLE_MODULES = YES;
				CLANG_ENABLE_OBJC_ARC = YES;
				CLANG_WARN_BOOL_CONVERSION = YES;
				CLANG_WARN_CONSTANT_CONVERSION = YES;
				CLANG_WARN_DIRECT_OBJC_ISA_USAGE = YES_ERROR;
				CLANG_WARN_DOCUMENTATION_COMMENTS = YES;
				CLANG_WARN_EMPTY_BODY = YES;
				CLANG_WARN_ENUM_CONVERSION = YES;
				CLANG_WARN_INFINITE_RECURSION = YES;
				CLANG_WARN_INT_CONVERSION = YES;
				CLANG_WARN_OBJC_ROOT_CLASS = YES_ERROR;
				CLANG_WARN_SUSPICIOUS_MOVE = YES;
				CLANG_WARN_UNREACHABLE_CODE = YES;
				CLANG_WARN__DUPLICATE_METHOD_MATCH = YES;
				CODE_SIGN_IDENTITY = "-";
				COPY_PHASE_STRIP = NO;
				DEBUG_INFORMATION_FORMAT = dwarf;
				ENABLE_STRICT_OBJC_MSGSEND = YES;
				ENABLE_TESTABILITY = YES;
				GCC_C_LANGUAGE_STANDARD = gnu99;
				GCC_DYNAMIC_NO_PIC = NO;
				GCC_NO_COMMON_BLOCKS = YES;
				GCC_OPTIMIZATION_LEVEL = 0;
				GCC_PREPROCESSOR_DEFINITIONS = (
					"DEBUG=1",
					"$(inherited)",
				);
				GCC_WARN_64_TO_32_BIT_CONVERSION = YES;
				GCC_WARN_ABOUT_RETURN_TYPE = YES_ERROR;
				GCC_WARN_UNDECLARED_SELECTOR = YES;
				GCC_WARN_UNINITIALIZED_AUTOS = YES_AGGRESSIVE;
				GCC_WARN_UNUSED_FUNCTION = YES;
				GCC_WARN_UNUSED_VARIABLE = YES;
				MACOSX_DEPLOYMENT_TARGET = 10.12;
				MTL_ENABLE_DEBUG_INFO = YES;
				ONLY_ACTIVE_ARCH = YES;
				SDKROOT = macosx;
			};
			name = Debug;
		};
		224ADFA51EF38F00007843F7 /* Release */ = {
			isa = XCBuildConfiguration;
			buildSettings = {
				ALWAYS_SEARCH_USER_PATHS = NO;
				CLANG_ANALYZER_NONNULL = YES;
				CLANG_ANALYZER_NUMBER_OBJECT_CONVERSION = YES_AGGRESSIVE;
				CLANG_CXX_LANGUAGE_STANDARD = "gnu++0x";
				CLANG_CXX_LIBRARY = "libc++";
				CLANG_ENABLE_MODULES = YES;
				CLANG_ENABLE_OBJC_ARC = YES;
				CLANG_WARN_BOOL_CONVERSION = YES;
				CLANG_WARN_CONSTANT_CONVERSION = YES;
				CLANG_WARN_DIRECT_OBJC_ISA_USAGE = YES_ERROR;
				CLANG_WARN_DOCUMENTATION_COMMENTS = YES;
				CLANG_WARN_EMPTY_BODY = YES;
				CLANG_WARN_ENUM_CONVERSION = YES;
				CLANG_WARN_INFINITE_RECURSION = YES;
				CLANG_WARN_INT_CONVERSION = YES;
				CLANG_WARN_OBJC_ROOT_CLASS = YES_ERROR;
				CLANG_WARN_SUSPICIOUS_MOVE = YES;
				CLANG_WARN_UNREACHABLE_CODE = YES;
				CLANG_WARN__DUPLICATE_METHOD_MATCH = YES;
				CODE_SIGN_IDENTITY = "-";
				COPY_PHASE_STRIP = NO;
				DEBUG_INFORMATION_FORMAT = "dwarf-with-dsym";
				ENABLE_NS_ASSERTIONS = NO;
				ENABLE_STRICT_OBJC_MSGSEND = YES;
				GCC_C_LANGUAGE_STANDARD = gnu99;
				GCC_NO_COMMON_BLOCKS = YES;
				GCC_WARN_64_TO_32_BIT_CONVERSION = YES;
				GCC_WARN_ABOUT_RETURN_TYPE = YES_ERROR;
				GCC_WARN_UNDECLARED_SELECTOR = YES;
				GCC_WARN_UNINITIALIZED_AUTOS = YES_AGGRESSIVE;
				GCC_WARN_UNUSED_FUNCTION = YES;
				GCC_WARN_UNUSED_VARIABLE = YES;
				MACOSX_DEPLOYMENT_TARGET = 10.12;
				MTL_ENABLE_DEBUG_INFO = NO;
				SDKROOT = macosx;
			};
			name = Release;
		};
		224ADFA71EF38F00007843F7 /* Debug */ = {
			isa = XCBuildConfiguration;
			buildSettings = {
				FRAMEWORK_SEARCH_PATHS = (
					"$(inherited)",
					"$(LOCAL_LIBRARY_DIR)/Frameworks",
				);
				PRODUCT_NAME = "$(TARGET_NAME)";
			};
			name = Debug;
		};
		224ADFA81EF38F00007843F7 /* Release */ = {
			isa = XCBuildConfiguration;
			buildSettings = {
				FRAMEWORK_SEARCH_PATHS = (
					"$(inherited)",
					"$(LOCAL_LIBRARY_DIR)/Frameworks",
				);
				PRODUCT_NAME = "$(TARGET_NAME)";
			};
			name = Release;
		};
/* End XCBuildConfiguration section */

/* Begin XCConfigurationList section */
		224ADF9A1EF38F00007843F7 /* Build configuration list for PBXProject "Stan(ly)" */ = {
			isa = XCConfigurationList;
			buildConfigurations = (
				224ADFA41EF38F00007843F7 /* Debug */,
				224ADFA51EF38F00007843F7 /* Release */,
			);
			defaultConfigurationIsVisible = 0;
			defaultConfigurationName = Release;
		};
		224ADFA61EF38F00007843F7 /* Build configuration list for PBXNativeTarget "Stan(ly)" */ = {
			isa = XCConfigurationList;
			buildConfigurations = (
				224ADFA71EF38F00007843F7 /* Debug */,
				224ADFA81EF38F00007843F7 /* Release */,
			);
			defaultConfigurationIsVisible = 0;
			defaultConfigurationName = Release;
		};
/* End XCConfigurationList section */
	};
	rootObject = 224ADF971EF38F00007843F7 /* Project object */;
}
